// !$*UTF8*$!
{
	archiveVersion = 1;
	classes = {
	};
	objectVersion = 50;
	objects = {

/* Begin PBXBuildFile section */
		460F7DD82290819700C32464 /* Gauge.swift in Sources */ = {isa = PBXBuildFile; fileRef = 460F7DD72290819700C32464 /* Gauge.swift */; };
		464181702290816F006987D6 /* AppDelegate.swift in Sources */ = {isa = PBXBuildFile; fileRef = 4641816F2290816F006987D6 /* AppDelegate.swift */; };
		464181722290816F006987D6 /* ViewController.swift in Sources */ = {isa = PBXBuildFile; fileRef = 464181712290816F006987D6 /* ViewController.swift */; };
		464181752290816F006987D6 /* Main.storyboard in Resources */ = {isa = PBXBuildFile; fileRef = 464181732290816F006987D6 /* Main.storyboard */; };
		4641817722908170006987D6 /* Assets.xcassets in Resources */ = {isa = PBXBuildFile; fileRef = 4641817622908170006987D6 /* Assets.xcassets */; };
		4641817A22908170006987D6 /* LaunchScreen.storyboard in Resources */ = {isa = PBXBuildFile; fileRef = 4641817822908170006987D6 /* LaunchScreen.storyboard */; };
		4641818522908170006987D6 /* GaugeTests.swift in Sources */ = {isa = PBXBuildFile; fileRef = 4641818422908170006987D6 /* GaugeTests.swift */; };
/* End PBXBuildFile section */

/* Begin PBXContainerItemProxy section */
		4641818122908170006987D6 /* PBXContainerItemProxy */ = {
			isa = PBXContainerItemProxy;
			containerPortal = 464181642290816F006987D6 /* Project object */;
			proxyType = 1;
			remoteGlobalIDString = 4641816B2290816F006987D6;
			remoteInfo = Gauge;
		};
/* End PBXContainerItemProxy section */

/* Begin PBXFileReference section */
		460F7DD72290819700C32464 /* Gauge.swift */ = {isa = PBXFileReference; lastKnownFileType = sourcecode.swift; path = Gauge.swift; sourceTree = "<group>"; };
		4641816C2290816F006987D6 /* Gauge.app */ = {isa = PBXFileReference; explicitFileType = wrapper.application; includeInIndex = 0; path = Gauge.app; sourceTree = BUILT_PRODUCTS_DIR; };
		4641816F2290816F006987D6 /* AppDelegate.swift */ = {isa = PBXFileReference; lastKnownFileType = sourcecode.swift; path = AppDelegate.swift; sourceTree = "<group>"; };
		464181712290816F006987D6 /* ViewController.swift */ = {isa = PBXFileReference; lastKnownFileType = sourcecode.swift; path = ViewController.swift; sourceTree = "<group>"; };
		464181742290816F006987D6 /* Base */ = {isa = PBXFileReference; lastKnownFileType = file.storyboard; name = Base; path = Base.lproj/Main.storyboard; sourceTree = "<group>"; };
		4641817622908170006987D6 /* Assets.xcassets */ = {isa = PBXFileReference; lastKnownFileType = folder.assetcatalog; path = Assets.xcassets; sourceTree = "<group>"; };
		4641817922908170006987D6 /* Base */ = {isa = PBXFileReference; lastKnownFileType = file.storyboard; name = Base; path = Base.lproj/LaunchScreen.storyboard; sourceTree = "<group>"; };
		4641817B22908170006987D6 /* Info.plist */ = {isa = PBXFileReference; lastKnownFileType = text.plist.xml; path = Info.plist; sourceTree = "<group>"; };
		4641818022908170006987D6 /* GaugeTests.xctest */ = {isa = PBXFileReference; explicitFileType = wrapper.cfbundle; includeInIndex = 0; path = GaugeTests.xctest; sourceTree = BUILT_PRODUCTS_DIR; };
		4641818422908170006987D6 /* GaugeTests.swift */ = {isa = PBXFileReference; lastKnownFileType = sourcecode.swift; path = GaugeTests.swift; sourceTree = "<group>"; };
		4641818622908170006987D6 /* Info.plist */ = {isa = PBXFileReference; lastKnownFileType = text.plist.xml; path = Info.plist; sourceTree = "<group>"; };
/* End PBXFileReference section */

/* Begin PBXFrameworksBuildPhase section */
		464181692290816F006987D6 /* Frameworks */ = {
			isa = PBXFrameworksBuildPhase;
			buildActionMask = 2147483647;
			files = (
			);
			runOnlyForDeploymentPostprocessing = 0;
		};
		4641817D22908170006987D6 /* Frameworks */ = {
			isa = PBXFrameworksBuildPhase;
			buildActionMask = 2147483647;
			files = (
			);
			runOnlyForDeploymentPostprocessing = 0;
		};
/* End PBXFrameworksBuildPhase section */

/* Begin PBXGroup section */
		464181632290816F006987D6 = {
			isa = PBXGroup;
			children = (
				4641816E2290816F006987D6 /* Gauge */,
				4641818322908170006987D6 /* GaugeTests */,
				4641816D2290816F006987D6 /* Products */,
			);
			sourceTree = "<group>";
		};
		4641816D2290816F006987D6 /* Products */ = {
			isa = PBXGroup;
			children = (
				4641816C2290816F006987D6 /* Gauge.app */,
				4641818022908170006987D6 /* GaugeTests.xctest */,
			);
			name = Products;
			sourceTree = "<group>";
		};
		4641816E2290816F006987D6 /* Gauge */ = {
			isa = PBXGroup;
			children = (
				4641816F2290816F006987D6 /* AppDelegate.swift */,
				464181712290816F006987D6 /* ViewController.swift */,
				464181732290816F006987D6 /* Main.storyboard */,
				4641817622908170006987D6 /* Assets.xcassets */,
				4641817822908170006987D6 /* LaunchScreen.storyboard */,
				4641817B22908170006987D6 /* Info.plist */,
				460F7DD72290819700C32464 /* Gauge.swift */,
			);
			path = Gauge;
			sourceTree = "<group>";
		};
		4641818322908170006987D6 /* GaugeTests */ = {
			isa = PBXGroup;
			children = (
				4641818422908170006987D6 /* GaugeTests.swift */,
				4641818622908170006987D6 /* Info.plist */,
			);
			path = GaugeTests;
			sourceTree = "<group>";
		};
/* End PBXGroup section */

/* Begin PBXNativeTarget section */
		4641816B2290816F006987D6 /* Gauge */ = {
			isa = PBXNativeTarget;
			buildConfigurationList = 4641818922908170006987D6 /* Build configuration list for PBXNativeTarget "Gauge" */;
			buildPhases = (
				464181682290816F006987D6 /* Sources */,
				464181692290816F006987D6 /* Frameworks */,
				4641816A2290816F006987D6 /* Resources */,
			);
			buildRules = (
			);
			dependencies = (
			);
			name = Gauge;
			productName = Gauge;
			productReference = 4641816C2290816F006987D6 /* Gauge.app */;
			productType = "com.apple.product-type.application";
		};
		4641817F22908170006987D6 /* GaugeTests */ = {
			isa = PBXNativeTarget;
			buildConfigurationList = 4641818C22908170006987D6 /* Build configuration list for PBXNativeTarget "GaugeTests" */;
			buildPhases = (
				4641817C22908170006987D6 /* Sources */,
				4641817D22908170006987D6 /* Frameworks */,
				4641817E22908170006987D6 /* Resources */,
			);
			buildRules = (
			);
			dependencies = (
				4641818222908170006987D6 /* PBXTargetDependency */,
			);
			name = GaugeTests;
			productName = GaugeTests;
			productReference = 4641818022908170006987D6 /* GaugeTests.xctest */;
			productType = "com.apple.product-type.bundle.unit-test";
		};
/* End PBXNativeTarget section */

/* Begin PBXProject section */
		464181642290816F006987D6 /* Project object */ = {
			isa = PBXProject;
			attributes = {
				LastSwiftUpdateCheck = 1020;
				LastUpgradeCheck = 1020;
				ORGANIZATIONNAME = "neat-labs";
				TargetAttributes = {
					4641816B2290816F006987D6 = {
						CreatedOnToolsVersion = 10.2.1;
					};
					4641817F22908170006987D6 = {
						CreatedOnToolsVersion = 10.2.1;
						TestTargetID = 4641816B2290816F006987D6;
					};
				};
			};
			buildConfigurationList = 464181672290816F006987D6 /* Build configuration list for PBXProject "Gauge" */;
			compatibilityVersion = "Xcode 9.3";
			developmentRegion = en;
			hasScannedForEncodings = 0;
			knownRegions = (
				en,
				Base,
			);
			mainGroup = 464181632290816F006987D6;
			productRefGroup = 4641816D2290816F006987D6 /* Products */;
			projectDirPath = "";
			projectRoot = "";
			targets = (
				4641816B2290816F006987D6 /* Gauge */,
				4641817F22908170006987D6 /* GaugeTests */,
			);
		};
/* End PBXProject section */

/* Begin PBXResourcesBuildPhase section */
		4641816A2290816F006987D6 /* Resources */ = {
			isa = PBXResourcesBuildPhase;
			buildActionMask = 2147483647;
			files = (
				4641817A22908170006987D6 /* LaunchScreen.storyboard in Resources */,
				4641817722908170006987D6 /* Assets.xcassets in Resources */,
				464181752290816F006987D6 /* Main.storyboard in Resources */,
			);
			runOnlyForDeploymentPostprocessing = 0;
		};
		4641817E22908170006987D6 /* Resources */ = {
			isa = PBXResourcesBuildPhase;
			buildActionMask = 2147483647;
			files = (
			);
			runOnlyForDeploymentPostprocessing = 0;
		};
/* End PBXResourcesBuildPhase section */

/* Begin PBXSourcesBuildPhase section */
		464181682290816F006987D6 /* Sources */ = {
			isa = PBXSourcesBuildPhase;
			buildActionMask = 2147483647;
			files = (
				464181722290816F006987D6 /* ViewController.swift in Sources */,
				464181702290816F006987D6 /* AppDelegate.swift in Sources */,
				460F7DD82290819700C32464 /* Gauge.swift in Sources */,
			);
			runOnlyForDeploymentPostprocessing = 0;
		};
		4641817C22908170006987D6 /* Sources */ = {
			isa = PBXSourcesBuildPhase;
			buildActionMask = 2147483647;
			files = (
				4641818522908170006987D6 /* GaugeTests.swift in Sources */,
			);
			runOnlyForDeploymentPostprocessing = 0;
		};
/* End PBXSourcesBuildPhase section */

/* Begin PBXTargetDependency section */
		4641818222908170006987D6 /* PBXTargetDependency */ = {
			isa = PBXTargetDependency;
			target = 4641816B2290816F006987D6 /* Gauge */;
			targetProxy = 4641818122908170006987D6 /* PBXContainerItemProxy */;
		};
/* End PBXTargetDependency section */

/* Begin PBXVariantGroup section */
		464181732290816F006987D6 /* Main.storyboard */ = {
			isa = PBXVariantGroup;
			children = (
				464181742290816F006987D6 /* Base */,
			);
			name = Main.storyboard;
			sourceTree = "<group>";
		};
		4641817822908170006987D6 /* LaunchScreen.storyboard */ = {
			isa = PBXVariantGroup;
			children = (
				4641817922908170006987D6 /* Base */,
			);
			name = LaunchScreen.storyboard;
			sourceTree = "<group>";
		};
/* End PBXVariantGroup section */

/* Begin XCBuildConfiguration section */
		4641818722908170006987D6 /* Debug */ = {
			isa = XCBuildConfiguration;
			buildSettings = {
				ALWAYS_SEARCH_USER_PATHS = NO;
				CLANG_ANALYZER_NONNULL = YES;
				CLANG_ANALYZER_NUMBER_OBJECT_CONVERSION = YES_AGGRESSIVE;
				CLANG_CXX_LANGUAGE_STANDARD = "gnu++14";
				CLANG_CXX_LIBRARY = "libc++";
				CLANG_ENABLE_MODULES = YES;
				CLANG_ENABLE_OBJC_ARC = YES;
				CLANG_ENABLE_OBJC_WEAK = YES;
				CLANG_WARN_BLOCK_CAPTURE_AUTORELEASING = YES;
				CLANG_WARN_BOOL_CONVERSION = YES;
				CLANG_WARN_COMMA = YES;
				CLANG_WARN_CONSTANT_CONVERSION = YES;
				CLANG_WARN_DEPRECATED_OBJC_IMPLEMENTATIONS = YES;
				CLANG_WARN_DIRECT_OBJC_ISA_USAGE = YES_ERROR;
				CLANG_WARN_DOCUMENTATION_COMMENTS = YES;
				CLANG_WARN_EMPTY_BODY = YES;
				CLANG_WARN_ENUM_CONVERSION = YES;
				CLANG_WARN_INFINITE_RECURSION = YES;
				CLANG_WARN_INT_CONVERSION = YES;
				CLANG_WARN_NON_LITERAL_NULL_CONVERSION = YES;
				CLANG_WARN_OBJC_IMPLICIT_RETAIN_SELF = YES;
				CLANG_WARN_OBJC_LITERAL_CONVERSION = YES;
				CLANG_WARN_OBJC_ROOT_CLASS = YES_ERROR;
				CLANG_WARN_RANGE_LOOP_ANALYSIS = YES;
				CLANG_WARN_STRICT_PROTOTYPES = YES;
				CLANG_WARN_SUSPICIOUS_MOVE = YES;
				CLANG_WARN_UNGUARDED_AVAILABILITY = YES_AGGRESSIVE;
				CLANG_WARN_UNREACHABLE_CODE = YES;
				CLANG_WARN__DUPLICATE_METHOD_MATCH = YES;
				CODE_SIGN_IDENTITY = "iPhone Developer";
				COPY_PHASE_STRIP = NO;
				DEBUG_INFORMATION_FORMAT = dwarf;
				ENABLE_STRICT_OBJC_MSGSEND = YES;
				ENABLE_TESTABILITY = YES;
				GCC_C_LANGUAGE_STANDARD = gnu11;
				GCC_DYNAMIC_NO_PIC = NO;
				GCC_NO_COMMON_BLOCKS = YES;
				GCC_OPTIMIZATION_LEVEL = 0;
				GCC_PREPROCESSOR_DEFINITIONS = (
					"DEBUG=1",
					"$(inherited)",
				);
				GCC_WARN_64_TO_32_BIT_CONVERSION = YES;
				GCC_WARN_ABOUT_RETURN_TYPE = YES_ERROR;
				GCC_WARN_UNDECLARED_SELECTOR = YES;
				GCC_WARN_UNINITIALIZED_AUTOS = YES_AGGRESSIVE;
				GCC_WARN_UNUSED_FUNCTION = YES;
				GCC_WARN_UNUSED_VARIABLE = YES;
				IPHONEOS_DEPLOYMENT_TARGET = 12.2;
				MTL_ENABLE_DEBUG_INFO = INCLUDE_SOURCE;
				MTL_FAST_MATH = YES;
				ONLY_ACTIVE_ARCH = YES;
				SDKROOT = iphoneos;
				SWIFT_ACTIVE_COMPILATION_CONDITIONS = DEBUG;
				SWIFT_OPTIMIZATION_LEVEL = "-Onone";
			};
			name = Debug;
		};
		4641818822908170006987D6 /* Release */ = {
			isa = XCBuildConfiguration;
			buildSettings = {
				ALWAYS_SEARCH_USER_PATHS = NO;
				CLANG_ANALYZER_NONNULL = YES;
				CLANG_ANALYZER_NUMBER_OBJECT_CONVERSION = YES_AGGRESSIVE;
				CLANG_CXX_LANGUAGE_STANDARD = "gnu++14";
				CLANG_CXX_LIBRARY = "libc++";
				CLANG_ENABLE_MODULES = YES;
				CLANG_ENABLE_OBJC_ARC = YES;
				CLANG_ENABLE_OBJC_WEAK = YES;
				CLANG_WARN_BLOCK_CAPTURE_AUTORELEASING = YES;
				CLANG_WARN_BOOL_CONVERSION = YES;
				CLANG_WARN_COMMA = YES;
				CLANG_WARN_CONSTANT_CONVERSION = YES;
				CLANG_WARN_DEPRECATED_OBJC_IMPLEMENTATIONS = YES;
				CLANG_WARN_DIRECT_OBJC_ISA_USAGE = YES_ERROR;
				CLANG_WARN_DOCUMENTATION_COMMENTS = YES;
				CLANG_WARN_EMPTY_BODY = YES;
				CLANG_WARN_ENUM_CONVERSION = YES;
				CLANG_WARN_INFINITE_RECURSION = YES;
				CLANG_WARN_INT_CONVERSION = YES;
				CLANG_WARN_NON_LITERAL_NULL_CONVERSION = YES;
				CLANG_WARN_OBJC_IMPLICIT_RETAIN_SELF = YES;
				CLANG_WARN_OBJC_LITERAL_CONVERSION = YES;
				CLANG_WARN_OBJC_ROOT_CLASS = YES_ERROR;
				CLANG_WARN_RANGE_LOOP_ANALYSIS = YES;
				CLANG_WARN_STRICT_PROTOTYPES = YES;
				CLANG_WARN_SUSPICIOUS_MOVE = YES;
				CLANG_WARN_UNGUARDED_AVAILABILITY = YES_AGGRESSIVE;
				CLANG_WARN_UNREACHABLE_CODE = YES;
				CLANG_WARN__DUPLICATE_METHOD_MATCH = YES;
				CODE_SIGN_IDENTITY = "iPhone Developer";
				COPY_PHASE_STRIP = NO;
				DEBUG_INFORMATION_FORMAT = "dwarf-with-dsym";
				ENABLE_NS_ASSERTIONS = NO;
				ENABLE_STRICT_OBJC_MSGSEND = YES;
				GCC_C_LANGUAGE_STANDARD = gnu11;
				GCC_NO_COMMON_BLOCKS = YES;
				GCC_WARN_64_TO_32_BIT_CONVERSION = YES;
				GCC_WARN_ABOUT_RETURN_TYPE = YES_ERROR;
				GCC_WARN_UNDECLARED_SELECTOR = YES;
				GCC_WARN_UNINITIALIZED_AUTOS = YES_AGGRESSIVE;
				GCC_WARN_UNUSED_FUNCTION = YES;
				GCC_WARN_UNUSED_VARIABLE = YES;
				IPHONEOS_DEPLOYMENT_TARGET = 12.2;
				MTL_ENABLE_DEBUG_INFO = NO;
				MTL_FAST_MATH = YES;
				SDKROOT = iphoneos;
				SWIFT_COMPILATION_MODE = wholemodule;
				SWIFT_OPTIMIZATION_LEVEL = "-O";
				VALIDATE_PRODUCT = YES;
			};
			name = Release;
		};
		4641818A22908170006987D6 /* Debug */ = {
			isa = XCBuildConfiguration;
			buildSettings = {
				ASSETCATALOG_COMPILER_APPICON_NAME = AppIcon;
				CODE_SIGN_STYLE = Automatic;
				DEVELOPMENT_TEAM = 9NM4DLTS84;
				INFOPLIST_FILE = Gauge/Info.plist;
				LD_RUNPATH_SEARCH_PATHS = (
					"$(inherited)",
					"@executable_path/Frameworks",
				);
				PRODUCT_BUNDLE_IDENTIFIER = "com.neat-labs.Gauge";
				PRODUCT_NAME = "$(TARGET_NAME)";
				SWIFT_VERSION = 5.0;
				TARGETED_DEVICE_FAMILY = "1,2";
			};
			name = Debug;
		};
		4641818B22908170006987D6 /* Release */ = {
			isa = XCBuildConfiguration;
			buildSettings = {
				ASSETCATALOG_COMPILER_APPICON_NAME = AppIcon;
				CODE_SIGN_STYLE = Automatic;
				DEVELOPMENT_TEAM = 9NM4DLTS84;
				INFOPLIST_FILE = Gauge/Info.plist;
				LD_RUNPATH_SEARCH_PATHS = (
					"$(inherited)",
					"@executable_path/Frameworks",
				);
				PRODUCT_BUNDLE_IDENTIFIER = "com.neat-labs.Gauge";
				PRODUCT_NAME = "$(TARGET_NAME)";
				SWIFT_VERSION = 5.0;
				TARGETED_DEVICE_FAMILY = "1,2";
			};
			name = Release;
		};
		4641818D22908170006987D6 /* Debug */ = {
			isa = XCBuildConfiguration;
			buildSettings = {
				ALWAYS_EMBED_SWIFT_STANDARD_LIBRARIES = YES;
				BUNDLE_LOADER = "$(TEST_HOST)";
				CODE_SIGN_STYLE = Automatic;
				DEVELOPMENT_TEAM = 9NM4DLTS84;
				INFOPLIST_FILE = GaugeTests/Info.plist;
				LD_RUNPATH_SEARCH_PATHS = (
					"$(inherited)",
					"@executable_path/Frameworks",
					"@loader_path/Frameworks",
				);
				PRODUCT_BUNDLE_IDENTIFIER = "com.neat-labs.GaugeTests";
				PRODUCT_NAME = "$(TARGET_NAME)";
				SWIFT_VERSION = 5.0;
				TARGETED_DEVICE_FAMILY = "1,2";
				TEST_HOST = "$(BUILT_PRODUCTS_DIR)/Gauge.app/Gauge";
			};
			name = Debug;
		};
		4641818E22908170006987D6 /* Release */ = {
			isa = XCBuildConfiguration;
			buildSettings = {
				ALWAYS_EMBED_SWIFT_STANDARD_LIBRARIES = YES;
				BUNDLE_LOADER = "$(TEST_HOST)";
				CODE_SIGN_STYLE = Automatic;
				DEVELOPMENT_TEAM = 9NM4DLTS84;
				INFOPLIST_FILE = GaugeTests/Info.plist;
				LD_RUNPATH_SEARCH_PATHS = (
					"$(inherited)",
					"@executable_path/Frameworks",
					"@loader_path/Frameworks",
				);
				PRODUCT_BUNDLE_IDENTIFIER = "com.neat-labs.GaugeTests";
				PRODUCT_NAME = "$(TARGET_NAME)";
				SWIFT_VERSION = 5.0;
				TARGETED_DEVICE_FAMILY = "1,2";
				TEST_HOST = "$(BUILT_PRODUCTS_DIR)/Gauge.app/Gauge";
			};
			name = Release;
		};
/* End XCBuildConfiguration section */

/* Begin XCConfigurationList section */
		464181672290816F006987D6 /* Build configuration list for PBXProject "Gauge" */ = {
			isa = XCConfigurationList;
			buildConfigurations = (
				4641818722908170006987D6 /* Debug */,
				4641818822908170006987D6 /* Release */,
			);
			defaultConfigurationIsVisible = 0;
			defaultConfigurationName = Release;
		};
		4641818922908170006987D6 /* Build configuration list for PBXNativeTarget "Gauge" */ = {
			isa = XCConfigurationList;
			buildConfigurations = (
				4641818A22908170006987D6 /* Debug */,
				4641818B22908170006987D6 /* Release */,
			);
			defaultConfigurationIsVisible = 0;
			defaultConfigurationName = Release;
		};
		4641818C22908170006987D6 /* Build configuration list for PBXNativeTarget "GaugeTests" */ = {
			isa = XCConfigurationList;
			buildConfigurations = (
				4641818D22908170006987D6 /* Debug */,
				4641818E22908170006987D6 /* Release */,
			);
			defaultConfigurationIsVisible = 0;
			defaultConfigurationName = Release;
		};
/* End XCConfigurationList section */
	};
	rootObject = 464181642290816F006987D6 /* Project object */;
}
